
Microsoft Visual Studio Solution File, Format Version 12.00
Project("{2150E333-8FDC-42A3-9474-1A3956D46DE8}") = "src", "src", "{5325B601-B0F3-4324-B4F6-58D9B2028593}"
EndProject
Project("{FAE04EC0-301F-11D3-BF4B-00C04F79EFBC}") = "CubeIntersection.Api", "src\CubeIntersection.Api\CubeIntersection.Api.csproj", "{B03E394C-12F1-4D66-9960-2F846D64CC14}"
EndProject
Project("{FAE04EC0-301F-11D3-BF4B-00C04F79EFBC}") = "CubeIntersection.Domain", "src\CubeIntersection.Domain\CubeIntersection.Domain.csproj", "{2FE235D9-B35A-4DDF-B2DE-44ED93A643F4}"
EndProject
Project("{FAE04EC0-301F-11D3-BF4B-00C04F79EFBC}") = "CubeIntersection.Application", "src\CubeIntersection.Application\CubeIntersection.Application.csproj", "{54A46D43-1857-48C7-9499-1E0899FA88F5}"
EndProject
Project("{2150E333-8FDC-42A3-9474-1A3956D46DE8}") = "test", "test", "{3435BD41-26D6-4C20-8F23-F1E5E74B6D49}"
EndProject
Project("{FAE04EC0-301F-11D3-BF4B-00C04F79EFBC}") = "Test", "test\Test\Test.csproj", "{1EDE574F-6A2F-4CA8-A75B-B9CBED5E3A2B}"
EndProject
Global
	GlobalSection(SolutionConfigurationPlatforms) = preSolution
		Debug|Any CPU = Debug|Any CPU
		Release|Any CPU = Release|Any CPU
	EndGlobalSection
	GlobalSection(ProjectConfigurationPlatforms) = postSolution
		{B03E394C-12F1-4D66-9960-2F846D64CC14}.Debug|Any CPU.ActiveCfg = Debug|Any CPU
		{B03E394C-12F1-4D66-9960-2F846D64CC14}.Debug|Any CPU.Build.0 = Debug|Any CPU
		{B03E394C-12F1-4D66-9960-2F846D64CC14}.Release|Any CPU.ActiveCfg = Release|Any CPU
		{B03E394C-12F1-4D66-9960-2F846D64CC14}.Release|Any CPU.Build.0 = Release|Any CPU
		{2FE235D9-B35A-4DDF-B2DE-44ED93A643F4}.Debug|Any CPU.ActiveCfg = Debug|Any CPU
		{2FE235D9-B35A-4DDF-B2DE-44ED93A643F4}.Debug|Any CPU.Build.0 = Debug|Any CPU
		{2FE235D9-B35A-4DDF-B2DE-44ED93A643F4}.Release|Any CPU.ActiveCfg = Release|Any CPU
		{2FE235D9-B35A-4DDF-B2DE-44ED93A643F4}.Release|Any CPU.Build.0 = Release|Any CPU
		{54A46D43-1857-48C7-9499-1E0899FA88F5}.Debug|Any CPU.ActiveCfg = Debug|Any CPU
		{54A46D43-1857-48C7-9499-1E0899FA88F5}.Debug|Any CPU.Build.0 = Debug|Any CPU
		{54A46D43-1857-48C7-9499-1E0899FA88F5}.Release|Any CPU.ActiveCfg = Release|Any CPU
		{54A46D43-1857-48C7-9499-1E0899FA88F5}.Release|Any CPU.Build.0 = Release|Any CPU
		{1EDE574F-6A2F-4CA8-A75B-B9CBED5E3A2B}.Debug|Any CPU.ActiveCfg = Debug|Any CPU
		{1EDE574F-6A2F-4CA8-A75B-B9CBED5E3A2B}.Debug|Any CPU.Build.0 = Debug|Any CPU
		{1EDE574F-6A2F-4CA8-A75B-B9CBED5E3A2B}.Release|Any CPU.ActiveCfg = Release|Any CPU
		{1EDE574F-6A2F-4CA8-A75B-B9CBED5E3A2B}.Release|Any CPU.Build.0 = Release|Any CPU
	EndGlobalSection
	GlobalSection(NestedProjects) = preSolution
		{B03E394C-12F1-4D66-9960-2F846D64CC14} = {5325B601-B0F3-4324-B4F6-58D9B2028593}
		{2FE235D9-B35A-4DDF-B2DE-44ED93A643F4} = {5325B601-B0F3-4324-B4F6-58D9B2028593}
		{54A46D43-1857-48C7-9499-1E0899FA88F5} = {5325B601-B0F3-4324-B4F6-58D9B2028593}
		{1EDE574F-6A2F-4CA8-A75B-B9CBED5E3A2B} = {3435BD41-26D6-4C20-8F23-F1E5E74B6D49}
	EndGlobalSection
EndGlobal
