
Microsoft Visual Studio Solution File, Format Version 12.00
Project("{FAE04EC0-301F-11D3-BF4B-00C04F79EFBC}") = "CubeIntersection", "CubeIntersection\CubeIntersection.csproj", "{2A683A1A-D7D9-4FCA-AF69-40EF09FE0918}"
EndProject
Global
	GlobalSection(SolutionConfigurationPlatforms) = preSolution
		Debug|Any CPU = Debug|Any CPU
		Release|Any CPU = Release|Any CPU
	EndGlobalSection
	GlobalSection(ProjectConfigurationPlatforms) = postSolution
		{2A683A1A-D7D9-4FCA-AF69-40EF09FE0918}.Debug|Any CPU.ActiveCfg = Debug|Any CPU
		{2A683A1A-D7D9-4FCA-AF69-40EF09FE0918}.Debug|Any CPU.Build.0 = Debug|Any CPU
		{2A683A1A-D7D9-4FCA-AF69-40EF09FE0918}.Release|Any CPU.ActiveCfg = Release|Any CPU
		{2A683A1A-D7D9-4FCA-AF69-40EF09FE0918}.Release|Any CPU.Build.0 = Release|Any CPU
	EndGlobalSection
EndGlobal
